
Microsoft Visual Studio Solution File, Format Version 12.00
# Visual Studio Version 17
VisualStudioVersion = 17.3.32901.215
MinimumVisualStudioVersion = 10.0.40219.1
Project("{FAE04EC0-301F-11D3-BF4B-00C04F79EFBC}") = "networkperformancemonitor", "networkperformancemonitor\networkperformancemonitor.csproj", "{86D79D55-8C66-4A04-BDBE-C808CEF6776D}"
EndProject
Global
	GlobalSection(SolutionConfigurationPlatforms) = preSolution
		Debug|Any CPU = Debug|Any CPU
		Release|Any CPU = Release|Any CPU
	EndGlobalSection
	GlobalSection(ProjectConfigurationPlatforms) = postSolution
		{86D79D55-8C66-4A04-BDBE-C808CEF6776D}.Debug|Any CPU.ActiveCfg = Debug|Any CPU
		{86D79D55-8C66-4A04-BDBE-C808CEF6776D}.Debug|Any CPU.Build.0 = Debug|Any CPU
		{86D79D55-8C66-4A04-BDBE-C808CEF6776D}.Release|Any CPU.ActiveCfg = Release|Any CPU
		{86D79D55-8C66-4A04-BDBE-C808CEF6776D}.Release|Any CPU.Build.0 = Release|Any CPU
	EndGlobalSection
	GlobalSection(SolutionProperties) = preSolution
		HideSolutionNode = FALSE
	EndGlobalSection
	GlobalSection(ExtensibilityGlobals) = postSolution
		SolutionGuid = {E4B1B512-CC4F-42CA-AB52-CB48775DBB86}
	EndGlobalSection
EndGlobal
